<?xml version="1.0" encoding="utf-8"?>
<Project ToolsVersion="4.0" xmlns="http://schemas.microsoft.com/developer/msbuild/2003">
  <ItemGroup>
    <Filter Include="Source Files">
      <UniqueIdentifier>{4FC737F1-C7A5-4376-A066-2A32D752A2FF}</UniqueIdentifier>
      <Extensions>cpp;c;cc;cxx;def;odl;idl;hpj;bat;asm;asmx</Extensions>
    </Filter>
    <Filter Include="Source Files\vst2.x">
      <UniqueIdentifier>{d24b316b-ccb2-4d31-b094-5429e9c36bff}</UniqueIdentifier>
    </Filter>
    <Filter Include="Source Files\vstgui">
      <UniqueIdentifier>{0508b259-7791-4480-8cd0-3ffbc9942f0f}</UniqueIdentifier>
    </Filter>
    <Filter Include="Interfaces">
      <UniqueIdentifier>{a4116b3f-f94f-4dba-b353-f01dd59184c2}</UniqueIdentifier>
    </Filter>
  </ItemGroup>
  <ItemGroup>
    <ClCompile Include="..\source\MeeblipVST_Layout.cpp">
      <Filter>Source Files</Filter>
    </ClCompile>
    <ClCompile Include="$(VSTSDK_ROOT)\public.sdk\source\vst2.x\audioeffectx.cpp">
      <Filter>Source Files\vst2.x</Filter>
    </ClCompile>
    <ClCompile Include="$(VSTSDK_ROOT)\public.sdk\source\vst2.x\vstplugmain.cpp">
      <Filter>Source Files\vst2.x</Filter>
    </ClCompile>
    <ClCompile Include="$(VSTSDK_ROOT)\public.sdk\source\vst2.x\audioeffect.cpp">
      <Filter>Source Files\vst2.x</Filter>
    </ClCompile>
    <ClCompile Include="$(VSTSDK_ROOT)\vstgui4\vstgui\plugin-bindings\aeffguieditor.cpp">
      <Filter>Source Files\vstgui</Filter>
    </ClCompile>
    <ClCompile Include="$(VSTSDK_ROOT)\vstgui4\vstgui\vstgui_win32.cpp">
      <Filter>Source Files\vstgui</Filter>
    </ClCompile>
    <ClCompile Include="..\source\MeeblipVST_EditorView.cpp">
      <Filter>Source Files</Filter>
    </ClCompile>
    <ClCompile Include="..\source\MeeblipVST.cpp">
      <Filter>Source Files</Filter>
    </ClCompile>
  </ItemGroup>
  <ItemGroup>
    <ClInclude Include="$(VSTSDK_ROOT)\pluginterfaces\vst2.x\aeffect.h">
      <Filter>Interfaces</Filter>
    </ClInclude>
    <ClInclude Include="$(VSTSDK_ROOT)\pluginterfaces\vst2.x\aeffectx.h">
      <Filter>Interfaces</Filter>
    </ClInclude>
    <ClInclude Include="$(VSTSDK_ROOT)\pluginterfaces\vst2.x\vstfxstore.h">
      <Filter>Interfaces</Filter>
    </ClInclude>
    <ClInclude Include="$(VSTSDK_ROOT)\public.sdk\source\vst2.x\audioeffect.h">
      <Filter>Source Files\vst2.x</Filter>
    </ClInclude>
    <ClInclude Include="$(VSTSDK_ROOT)\public.sdk\source\vst2.x\audioeffectx.h">
      <Filter>Source Files\vst2.x</Filter>
    </ClInclude>
    <ClInclude Include="$(VSTSDK_ROOT)\public.sdk\source\vst2.x\aeffeditor.h">
      <Filter>Source Files\vst2.x</Filter>
    </ClInclude>
    <ClInclude Include="$(VSTSDK_ROOT)\vstgui4\vstgui\plugin-bindings\aeffguieditor.h">
      <Filter>Source Files\vstgui</Filter>
    </ClInclude>
    <ClInclude Include="..\source\MeeblipVST_Layout.h">
      <Filter>Source Files</Filter>
    </ClInclude>
    <ClInclude Include="..\source\MeeblipVST_EditorView.h">
      <Filter>Source Files</Filter>
    </ClInclude>
    <ClInclude Include="..\source\MeeblipVST.h">
      <Filter>Source Files</Filter>
    </ClInclude>
    <ClInclude Include="..\source\aweDBG.h">
      <Filter>Source Files</Filter>
    </ClInclude>
    <ClInclude Include="..\source\aweVSTtypes.h">
      <Filter>Source Files</Filter>
    </ClInclude>
  </ItemGroup>
  <ItemGroup>
    <ResourceCompile Include="..\resource\MeeblipVST.rc">
      <Filter>Source Files</Filter>
    </ResourceCompile>
  </ItemGroup>
  <ItemGroup>
    <None Include="..\source\vstplug.def">
      <Filter>Source Files</Filter>
    </None>
  </ItemGroup>
</Project>